
Microsoft Visual Studio Solution File, Format Version 12.00
# Visual Studio Version 17
VisualStudioVersion = 17.0.32014.148
MinimumVisualStudioVersion = 10.0.40219.1
Project("{FAE04EC0-301F-11D3-BF4B-00C04F79EFBC}") = "081221", "081221\081221.csproj", "{FA30F8C3-DDFF-4DA1-A7EC-3AA6F5BBD51B}"
EndProject
Global
	GlobalSection(SolutionConfigurationPlatforms) = preSolution
		Debug|Any CPU = Debug|Any CPU
		Release|Any CPU = Release|Any CPU
	EndGlobalSection
	GlobalSection(ProjectConfigurationPlatforms) = postSolution
		{FA30F8C3-DDFF-4DA1-A7EC-3AA6F5BBD51B}.Debug|Any CPU.ActiveCfg = Debug|Any CPU
		{FA30F8C3-DDFF-4DA1-A7EC-3AA6F5BBD51B}.Debug|Any CPU.Build.0 = Debug|Any CPU
		{FA30F8C3-DDFF-4DA1-A7EC-3AA6F5BBD51B}.Release|Any CPU.ActiveCfg = Release|Any CPU
		{FA30F8C3-DDFF-4DA1-A7EC-3AA6F5BBD51B}.Release|Any CPU.Build.0 = Release|Any CPU
	EndGlobalSection
	GlobalSection(SolutionProperties) = preSolution
		HideSolutionNode = FALSE
	EndGlobalSection
	GlobalSection(ExtensibilityGlobals) = postSolution
		SolutionGuid = {D38E8F24-4601-4901-A21A-ABF7EB40EF86}
	EndGlobalSection
EndGlobal
